Microsoft Visual Studio Solution File, Format Version 11.00
# Visual Studio 2008

Project("{DDD95FF1-9CE8-19FF-97E4-4BB36D55FECC}") = "unity_rollaball", "Assembly-CSharp.csproj", "{F1E6A523-0EEE-05A5-4C4C-9726A11AC831}"
EndProject
Global
	GlobalSection(SolutionConfigurationPlatforms) = preSolution
		Debug|Any CPU = Debug|Any CPU
		Release|Any CPU = Release|Any CPU
	EndGlobalSection
	GlobalSection(ProjectConfigurationPlatforms) = postSolution
		{F1E6A523-0EEE-05A5-4C4C-9726A11AC831}.Debug|Any CPU.ActiveCfg = Debug|Any CPU
		{F1E6A523-0EEE-05A5-4C4C-9726A11AC831}.Debug|Any CPU.Build.0 = Debug|Any CPU
		{F1E6A523-0EEE-05A5-4C4C-9726A11AC831}.Release|Any CPU.ActiveCfg = Release|Any CPU
		{F1E6A523-0EEE-05A5-4C4C-9726A11AC831}.Release|Any CPU.Build.0 = Release|Any CPU
	EndGlobalSection
	GlobalSection(SolutionProperties) = preSolution
		HideSolutionNode = FALSE
	EndGlobalSection
	GlobalSection(MonoDevelopProperties) = preSolution
		StartupItem = Assembly-CSharp.csproj
	EndGlobalSection
EndGlobal
